
Microsoft Visual Studio Solution File, Format Version 12.00
# Visual Studio 15
VisualStudioVersion = 15.0.26124.0
MinimumVisualStudioVersion = 15.0.26124.0
Project("{2150E333-8FDC-42A3-9474-1A3956D46DE8}") = "src", "src", "{5559C1D0-5BD5-420B-B489-45E982757335}"
EndProject
Project("{9A19103F-16F7-4668-BE54-9A1E7A4F7556}") = "IdentityServer", "src\IdentityServer\IdentityServer.csproj", "{B70609AB-C5AD-4D2C-AFDC-433DE6CF655F}"
EndProject
Project("{9A19103F-16F7-4668-BE54-9A1E7A4F7556}") = "Api", "src\Api\Api.csproj", "{B6473246-8832-4A4A-AED4-B377CA4B3124}"
EndProject
Project("{9A19103F-16F7-4668-BE54-9A1E7A4F7556}") = "Client", "src\Client\Client.csproj", "{627AA25F-F488-44FD-86D5-9C765F73F1CF}"
EndProject
Project("{FAE04EC0-301F-11D3-BF4B-00C04F79EFBC}") = "MvcClient", "MvcClient\MvcClient.csproj", "{4879638F-DE61-4120-9598-4FAD9D806A30}"
EndProject
Global
	GlobalSection(SolutionConfigurationPlatforms) = preSolution
		Debug|Any CPU = Debug|Any CPU
		Debug|x64 = Debug|x64
		Debug|x86 = Debug|x86
		Release|Any CPU = Release|Any CPU
		Release|x64 = Release|x64
		Release|x86 = Release|x86
	EndGlobalSection
	GlobalSection(ProjectConfigurationPlatforms) = postSolution
		{B70609AB-C5AD-4D2C-AFDC-433DE6CF655F}.Debug|Any CPU.ActiveCfg = Debug|Any CPU
		{B70609AB-C5AD-4D2C-AFDC-433DE6CF655F}.Debug|Any CPU.Build.0 = Debug|Any CPU
		{B70609AB-C5AD-4D2C-AFDC-433DE6CF655F}.Debug|x64.ActiveCfg = Debug|Any CPU
		{B70609AB-C5AD-4D2C-AFDC-433DE6CF655F}.Debug|x64.Build.0 = Debug|Any CPU
		{B70609AB-C5AD-4D2C-AFDC-433DE6CF655F}.Debug|x86.ActiveCfg = Debug|Any CPU
		{B70609AB-C5AD-4D2C-AFDC-433DE6CF655F}.Debug|x86.Build.0 = Debug|Any CPU
		{B70609AB-C5AD-4D2C-AFDC-433DE6CF655F}.Release|Any CPU.ActiveCfg = Release|Any CPU
		{B70609AB-C5AD-4D2C-AFDC-433DE6CF655F}.Release|Any CPU.Build.0 = Release|Any CPU
		{B70609AB-C5AD-4D2C-AFDC-433DE6CF655F}.Release|x64.ActiveCfg = Release|Any CPU
		{B70609AB-C5AD-4D2C-AFDC-433DE6CF655F}.Release|x64.Build.0 = Release|Any CPU
		{B70609AB-C5AD-4D2C-AFDC-433DE6CF655F}.Release|x86.ActiveCfg = Release|Any CPU
		{B70609AB-C5AD-4D2C-AFDC-433DE6CF655F}.Release|x86.Build.0 = Release|Any CPU
		{B6473246-8832-4A4A-AED4-B377CA4B3124}.Debug|Any CPU.ActiveCfg = Debug|Any CPU
		{B6473246-8832-4A4A-AED4-B377CA4B3124}.Debug|Any CPU.Build.0 = Debug|Any CPU
		{B6473246-8832-4A4A-AED4-B377CA4B3124}.Debug|x64.ActiveCfg = Debug|Any CPU
		{B6473246-8832-4A4A-AED4-B377CA4B3124}.Debug|x64.Build.0 = Debug|Any CPU
		{B6473246-8832-4A4A-AED4-B377CA4B3124}.Debug|x86.ActiveCfg = Debug|Any CPU
		{B6473246-8832-4A4A-AED4-B377CA4B3124}.Debug|x86.Build.0 = Debug|Any CPU
		{B6473246-8832-4A4A-AED4-B377CA4B3124}.Release|Any CPU.ActiveCfg = Release|Any CPU
		{B6473246-8832-4A4A-AED4-B377CA4B3124}.Release|Any CPU.Build.0 = Release|Any CPU
		{B6473246-8832-4A4A-AED4-B377CA4B3124}.Release|x64.ActiveCfg = Release|Any CPU
		{B6473246-8832-4A4A-AED4-B377CA4B3124}.Release|x64.Build.0 = Release|Any CPU
		{B6473246-8832-4A4A-AED4-B377CA4B3124}.Release|x86.ActiveCfg = Release|Any CPU
		{B6473246-8832-4A4A-AED4-B377CA4B3124}.Release|x86.Build.0 = Release|Any CPU
		{627AA25F-F488-44FD-86D5-9C765F73F1CF}.Debug|Any CPU.ActiveCfg = Debug|Any CPU
		{627AA25F-F488-44FD-86D5-9C765F73F1CF}.Debug|Any CPU.Build.0 = Debug|Any CPU
		{627AA25F-F488-44FD-86D5-9C765F73F1CF}.Debug|x64.ActiveCfg = Debug|Any CPU
		{627AA25F-F488-44FD-86D5-9C765F73F1CF}.Debug|x64.Build.0 = Debug|Any CPU
		{627AA25F-F488-44FD-86D5-9C765F73F1CF}.Debug|x86.ActiveCfg = Debug|Any CPU
		{627AA25F-F488-44FD-86D5-9C765F73F1CF}.Debug|x86.Build.0 = Debug|Any CPU
		{627AA25F-F488-44FD-86D5-9C765F73F1CF}.Release|Any CPU.ActiveCfg = Release|Any CPU
		{627AA25F-F488-44FD-86D5-9C765F73F1CF}.Release|Any CPU.Build.0 = Release|Any CPU
		{627AA25F-F488-44FD-86D5-9C765F73F1CF}.Release|x64.ActiveCfg = Release|Any CPU
		{627AA25F-F488-44FD-86D5-9C765F73F1CF}.Release|x64.Build.0 = Release|Any CPU
		{627AA25F-F488-44FD-86D5-9C765F73F1CF}.Release|x86.ActiveCfg = Release|Any CPU
		{627AA25F-F488-44FD-86D5-9C765F73F1CF}.Release|x86.Build.0 = Release|Any CPU
		{4879638F-DE61-4120-9598-4FAD9D806A30}.Debug|Any CPU.ActiveCfg = Debug|Any CPU
		{4879638F-DE61-4120-9598-4FAD9D806A30}.Debug|Any CPU.Build.0 = Debug|Any CPU
		{4879638F-DE61-4120-9598-4FAD9D806A30}.Debug|x64.ActiveCfg = Debug|Any CPU
		{4879638F-DE61-4120-9598-4FAD9D806A30}.Debug|x64.Build.0 = Debug|Any CPU
		{4879638F-DE61-4120-9598-4FAD9D806A30}.Debug|x86.ActiveCfg = Debug|Any CPU
		{4879638F-DE61-4120-9598-4FAD9D806A30}.Debug|x86.Build.0 = Debug|Any CPU
		{4879638F-DE61-4120-9598-4FAD9D806A30}.Release|Any CPU.ActiveCfg = Release|Any CPU
		{4879638F-DE61-4120-9598-4FAD9D806A30}.Release|Any CPU.Build.0 = Release|Any CPU
		{4879638F-DE61-4120-9598-4FAD9D806A30}.Release|x64.ActiveCfg = Release|Any CPU
		{4879638F-DE61-4120-9598-4FAD9D806A30}.Release|x64.Build.0 = Release|Any CPU
		{4879638F-DE61-4120-9598-4FAD9D806A30}.Release|x86.ActiveCfg = Release|Any CPU
		{4879638F-DE61-4120-9598-4FAD9D806A30}.Release|x86.Build.0 = Release|Any CPU
	EndGlobalSection
	GlobalSection(SolutionProperties) = preSolution
		HideSolutionNode = FALSE
	EndGlobalSection
	GlobalSection(NestedProjects) = preSolution
		{B70609AB-C5AD-4D2C-AFDC-433DE6CF655F} = {5559C1D0-5BD5-420B-B489-45E982757335}
		{B6473246-8832-4A4A-AED4-B377CA4B3124} = {5559C1D0-5BD5-420B-B489-45E982757335}
		{627AA25F-F488-44FD-86D5-9C765F73F1CF} = {5559C1D0-5BD5-420B-B489-45E982757335}
		{4879638F-DE61-4120-9598-4FAD9D806A30} = {5559C1D0-5BD5-420B-B489-45E982757335}
	EndGlobalSection
	GlobalSection(ExtensibilityGlobals) = postSolution
		SolutionGuid = {1E186A84-402E-44A0-BBA9-60FD8459ACFA}
	EndGlobalSection
EndGlobal
